
Microsoft Visual Studio Solution File, Format Version 12.00
# Visual Studio Version 17
VisualStudioVersion = 17.5.33502.453
MinimumVisualStudioVersion = 10.0.40219.1
Project("{FAE04EC0-301F-11D3-BF4B-00C04F79EFBC}") = "PetReporting", "CodeExercise2\PetReporting.csproj", "{47121E4F-9B2C-461A-90C5-747E70315CCA}"
EndProject
Global
	GlobalSection(SolutionConfigurationPlatforms) = preSolution
		Debug|Any CPU = Debug|Any CPU
		Release|Any CPU = Release|Any CPU
	EndGlobalSection
	GlobalSection(ProjectConfigurationPlatforms) = postSolution
		{47121E4F-9B2C-461A-90C5-747E70315CCA}.Debug|Any CPU.ActiveCfg = Debug|Any CPU
		{47121E4F-9B2C-461A-90C5-747E70315CCA}.Debug|Any CPU.Build.0 = Debug|Any CPU
		{47121E4F-9B2C-461A-90C5-747E70315CCA}.Release|Any CPU.ActiveCfg = Release|Any CPU
		{47121E4F-9B2C-461A-90C5-747E70315CCA}.Release|Any CPU.Build.0 = Release|Any CPU
	EndGlobalSection
	GlobalSection(SolutionProperties) = preSolution
		HideSolutionNode = FALSE
	EndGlobalSection
	GlobalSection(ExtensibilityGlobals) = postSolution
		SolutionGuid = {930A321D-1E81-4D96-9BA0-B93A2A5183C4}
	EndGlobalSection
EndGlobal
